// !$*UTF8*$!
{
	archiveVersion = 1;
	classes = {
	};
	objectVersion = 50;
	objects = {

/* Begin PBXBuildFile section */
		234EDFF526D8388500FE6BCA /* Type.swift in Sources */ = {isa = PBXBuildFile; fileRef = 234EDFF426D8388500FE6BCA /* Type.swift */; };
		234EDFF726D8B45D00FE6BCA /* Types.swift in Sources */ = {isa = PBXBuildFile; fileRef = 234EDFF626D8B45D00FE6BCA /* Types.swift */; };
		234EDFF926D8B4E600FE6BCA /* TypeDetails.swift in Sources */ = {isa = PBXBuildFile; fileRef = 234EDFF826D8B4E600FE6BCA /* TypeDetails.swift */; };
		234EDFFD26D8C58500FE6BCA /* PokemonDetails.swift in Sources */ = {isa = PBXBuildFile; fileRef = 234EDFFC26D8C58500FE6BCA /* PokemonDetails.swift */; };
		236E059726D6E72500CEEE3B /* Progress.swift in Sources */ = {isa = PBXBuildFile; fileRef = 236E059626D6E72500CEEE3B /* Progress.swift */; };
		238999DA26D74E6800F30E30 /* DetailViewController.swift in Sources */ = {isa = PBXBuildFile; fileRef = 238999D926D74E6800F30E30 /* DetailViewController.swift */; };
		23C0AAA526D43EAD0081E12A /* AppDelegate.swift in Sources */ = {isa = PBXBuildFile; fileRef = 23C0AAA426D43EAD0081E12A /* AppDelegate.swift */; };
		23C0AAA726D43EAD0081E12A /* SceneDelegate.swift in Sources */ = {isa = PBXBuildFile; fileRef = 23C0AAA626D43EAD0081E12A /* SceneDelegate.swift */; };
		23C0AAA926D43EAD0081E12A /* TableViewController.swift in Sources */ = {isa = PBXBuildFile; fileRef = 23C0AAA826D43EAD0081E12A /* TableViewController.swift */; };
		23C0AAAC26D43EAD0081E12A /* Main.storyboard in Resources */ = {isa = PBXBuildFile; fileRef = 23C0AAAA26D43EAD0081E12A /* Main.storyboard */; };
		23C0AAAE26D43EAE0081E12A /* Assets.xcassets in Resources */ = {isa = PBXBuildFile; fileRef = 23C0AAAD26D43EAE0081E12A /* Assets.xcassets */; };
		23C0AAB126D43EAE0081E12A /* LaunchScreen.storyboard in Resources */ = {isa = PBXBuildFile; fileRef = 23C0AAAF26D43EAE0081E12A /* LaunchScreen.storyboard */; };
		23C0AAB926D444AF0081E12A /* Abilities.swift in Sources */ = {isa = PBXBuildFile; fileRef = 23C0AAB826D444AF0081E12A /* Abilities.swift */; };
		23C0AABB26D4462E0081E12A /* Ability.swift in Sources */ = {isa = PBXBuildFile; fileRef = 23C0AABA26D4462E0081E12A /* Ability.swift */; };
		23C0AABD26D448660081E12A /* AbilityDetails.swift in Sources */ = {isa = PBXBuildFile; fileRef = 23C0AABC26D448660081E12A /* AbilityDetails.swift */; };
		23C0AABF26D449480081E12A /* Form.swift in Sources */ = {isa = PBXBuildFile; fileRef = 23C0AABE26D449480081E12A /* Form.swift */; };
		23C0AAC426D4BDA90081E12A /* NameCell.swift in Sources */ = {isa = PBXBuildFile; fileRef = 23C0AAC326D4BDA90081E12A /* NameCell.swift */; };
		23C0AAC626D590FC0081E12A /* Forms.swift in Sources */ = {isa = PBXBuildFile; fileRef = 23C0AAC526D590FC0081E12A /* Forms.swift */; };
		23C0AAC826D593430081E12A /* Results.swift in Sources */ = {isa = PBXBuildFile; fileRef = 23C0AAC726D593430081E12A /* Results.swift */; };
		23C0AACA26D593790081E12A /* Result.swift in Sources */ = {isa = PBXBuildFile; fileRef = 23C0AAC926D593790081E12A /* Result.swift */; };
		23C0AAD026D59FA60081E12A /* Sprite.swift in Sources */ = {isa = PBXBuildFile; fileRef = 23C0AACF26D59FA60081E12A /* Sprite.swift */; };
/* End PBXBuildFile section */

/* Begin PBXFileReference section */
		234EDFF426D8388500FE6BCA /* Type.swift */ = {isa = PBXFileReference; lastKnownFileType = sourcecode.swift; path = Type.swift; sourceTree = "<group>"; };
		234EDFF626D8B45D00FE6BCA /* Types.swift */ = {isa = PBXFileReference; lastKnownFileType = sourcecode.swift; path = Types.swift; sourceTree = "<group>"; };
		234EDFF826D8B4E600FE6BCA /* TypeDetails.swift */ = {isa = PBXFileReference; lastKnownFileType = sourcecode.swift; path = TypeDetails.swift; sourceTree = "<group>"; };
		234EDFFC26D8C58500FE6BCA /* PokemonDetails.swift */ = {isa = PBXFileReference; fileEncoding = 4; lastKnownFileType = sourcecode.swift; path = PokemonDetails.swift; sourceTree = "<group>"; };
		236E059626D6E72500CEEE3B /* Progress.swift */ = {isa = PBXFileReference; lastKnownFileType = sourcecode.swift; path = Progress.swift; sourceTree = "<group>"; };
		238999D926D74E6800F30E30 /* DetailViewController.swift */ = {isa = PBXFileReference; lastKnownFileType = sourcecode.swift; path = DetailViewController.swift; sourceTree = "<group>"; };
		23C0AAA126D43EAD0081E12A /* PokemonApp.app */ = {isa = PBXFileReference; explicitFileType = wrapper.application; includeInIndex = 0; path = PokemonApp.app; sourceTree = BUILT_PRODUCTS_DIR; };
		23C0AAA426D43EAD0081E12A /* AppDelegate.swift */ = {isa = PBXFileReference; lastKnownFileType = sourcecode.swift; path = AppDelegate.swift; sourceTree = "<group>"; };
		23C0AAA626D43EAD0081E12A /* SceneDelegate.swift */ = {isa = PBXFileReference; lastKnownFileType = sourcecode.swift; path = SceneDelegate.swift; sourceTree = "<group>"; };
		23C0AAA826D43EAD0081E12A /* TableViewController.swift */ = {isa = PBXFileReference; lastKnownFileType = sourcecode.swift; path = TableViewController.swift; sourceTree = "<group>"; };
		23C0AAAB26D43EAD0081E12A /* Base */ = {isa = PBXFileReference; lastKnownFileType = file.storyboard; name = Base; path = Base.lproj/Main.storyboard; sourceTree = "<group>"; };
		23C0AAAD26D43EAE0081E12A /* Assets.xcassets */ = {isa = PBXFileReference; lastKnownFileType = folder.assetcatalog; path = Assets.xcassets; sourceTree = "<group>"; };
		23C0AAB026D43EAE0081E12A /* Base */ = {isa = PBXFileReference; lastKnownFileType = file.storyboard; name = Base; path = Base.lproj/LaunchScreen.storyboard; sourceTree = "<group>"; };
		23C0AAB226D43EAE0081E12A /* Info.plist */ = {isa = PBXFileReference; lastKnownFileType = text.plist.xml; path = Info.plist; sourceTree = "<group>"; };
		23C0AAB826D444AF0081E12A /* Abilities.swift */ = {isa = PBXFileReference; lastKnownFileType = sourcecode.swift; path = Abilities.swift; sourceTree = "<group>"; };
		23C0AABA26D4462E0081E12A /* Ability.swift */ = {isa = PBXFileReference; lastKnownFileType = sourcecode.swift; path = Ability.swift; sourceTree = "<group>"; };
		23C0AABC26D448660081E12A /* AbilityDetails.swift */ = {isa = PBXFileReference; lastKnownFileType = sourcecode.swift; path = AbilityDetails.swift; sourceTree = "<group>"; };
		23C0AABE26D449480081E12A /* Form.swift */ = {isa = PBXFileReference; lastKnownFileType = sourcecode.swift; path = Form.swift; sourceTree = "<group>"; };
		23C0AAC326D4BDA90081E12A /* NameCell.swift */ = {isa = PBXFileReference; lastKnownFileType = sourcecode.swift; path = NameCell.swift; sourceTree = "<group>"; };
		23C0AAC526D590FC0081E12A /* Forms.swift */ = {isa = PBXFileReference; lastKnownFileType = sourcecode.swift; path = Forms.swift; sourceTree = "<group>"; };
		23C0AAC726D593430081E12A /* Results.swift */ = {isa = PBXFileReference; lastKnownFileType = sourcecode.swift; path = Results.swift; sourceTree = "<group>"; };
		23C0AAC926D593790081E12A /* Result.swift */ = {isa = PBXFileReference; lastKnownFileType = sourcecode.swift; path = Result.swift; sourceTree = "<group>"; };
		23C0AACF26D59FA60081E12A /* Sprite.swift */ = {isa = PBXFileReference; lastKnownFileType = sourcecode.swift; path = Sprite.swift; sourceTree = "<group>"; };
/* End PBXFileReference section */

/* Begin PBXFrameworksBuildPhase section */
		23C0AA9E26D43EAD0081E12A /* Frameworks */ = {
			isa = PBXFrameworksBuildPhase;
			buildActionMask = 2147483647;
			files = (
			);
			runOnlyForDeploymentPostprocessing = 0;
		};
/* End PBXFrameworksBuildPhase section */

/* Begin PBXGroup section */
		23C0AA9826D43EAD0081E12A = {
			isa = PBXGroup;
			children = (
				23C0AAA326D43EAD0081E12A /* PokemonApp */,
				23C0AAA226D43EAD0081E12A /* Products */,
			);
			sourceTree = "<group>";
		};
		23C0AAA226D43EAD0081E12A /* Products */ = {
			isa = PBXGroup;
			children = (
				23C0AAA126D43EAD0081E12A /* PokemonApp.app */,
			);
			name = Products;
			sourceTree = "<group>";
		};
		23C0AAA326D43EAD0081E12A /* PokemonApp */ = {
			isa = PBXGroup;
			children = (
				23C0AAA426D43EAD0081E12A /* AppDelegate.swift */,
				23C0AAA626D43EAD0081E12A /* SceneDelegate.swift */,
				23C0AAC026D44A2A0081E12A /* Model */,
				23C0AAC126D44A360081E12A /* View */,
				23C0AAC226D44A380081E12A /* Controller */,
				23C0AAAD26D43EAE0081E12A /* Assets.xcassets */,
				23C0AAAF26D43EAE0081E12A /* LaunchScreen.storyboard */,
				23C0AAB226D43EAE0081E12A /* Info.plist */,
				236E059626D6E72500CEEE3B /* Progress.swift */,
			);
			path = PokemonApp;
			sourceTree = "<group>";
		};
		23C0AAC026D44A2A0081E12A /* Model */ = {
			isa = PBXGroup;
			children = (
				23C0AAB826D444AF0081E12A /* Abilities.swift */,
				23C0AABA26D4462E0081E12A /* Ability.swift */,
				23C0AABC26D448660081E12A /* AbilityDetails.swift */,
				23C0AAC526D590FC0081E12A /* Forms.swift */,
				23C0AABE26D449480081E12A /* Form.swift */,
				234EDFF626D8B45D00FE6BCA /* Types.swift */,
				234EDFF426D8388500FE6BCA /* Type.swift */,
				234EDFF826D8B4E600FE6BCA /* TypeDetails.swift */,
				23C0AAC726D593430081E12A /* Results.swift */,
				23C0AAC926D593790081E12A /* Result.swift */,
				234EDFFC26D8C58500FE6BCA /* PokemonDetails.swift */,
				23C0AACF26D59FA60081E12A /* Sprite.swift */,
				23C0AAC326D4BDA90081E12A /* NameCell.swift */,
			);
			path = Model;
			sourceTree = "<group>";
		};
		23C0AAC126D44A360081E12A /* View */ = {
			isa = PBXGroup;
			children = (
				23C0AAAA26D43EAD0081E12A /* Main.storyboard */,
			);
			path = View;
			sourceTree = "<group>";
		};
		23C0AAC226D44A380081E12A /* Controller */ = {
			isa = PBXGroup;
			children = (
				23C0AAA826D43EAD0081E12A /* TableViewController.swift */,
				238999D926D74E6800F30E30 /* DetailViewController.swift */,
			);
			path = Controller;
			sourceTree = "<group>";
		};
/* End PBXGroup section */

/* Begin PBXNativeTarget section */
		23C0AAA026D43EAD0081E12A /* PokemonApp */ = {
			isa = PBXNativeTarget;
			buildConfigurationList = 23C0AAB526D43EAE0081E12A /* Build configuration list for PBXNativeTarget "PokemonApp" */;
			buildPhases = (
				23C0AA9D26D43EAD0081E12A /* Sources */,
				23C0AA9E26D43EAD0081E12A /* Frameworks */,
				23C0AA9F26D43EAD0081E12A /* Resources */,
			);
			buildRules = (
			);
			dependencies = (
			);
			name = PokemonApp;
			productName = PokemonApp;
			productReference = 23C0AAA126D43EAD0081E12A /* PokemonApp.app */;
			productType = "com.apple.product-type.application";
		};
/* End PBXNativeTarget section */

/* Begin PBXProject section */
		23C0AA9926D43EAD0081E12A /* Project object */ = {
			isa = PBXProject;
			attributes = {
				LastSwiftUpdateCheck = 1250;
				LastUpgradeCheck = 1250;
				TargetAttributes = {
					23C0AAA026D43EAD0081E12A = {
						CreatedOnToolsVersion = 12.5.1;
					};
				};
			};
			buildConfigurationList = 23C0AA9C26D43EAD0081E12A /* Build configuration list for PBXProject "PokemonApp" */;
			compatibilityVersion = "Xcode 9.3";
			developmentRegion = en;
			hasScannedForEncodings = 0;
			knownRegions = (
				en,
				Base,
			);
			mainGroup = 23C0AA9826D43EAD0081E12A;
			productRefGroup = 23C0AAA226D43EAD0081E12A /* Products */;
			projectDirPath = "";
			projectRoot = "";
			targets = (
				23C0AAA026D43EAD0081E12A /* PokemonApp */,
			);
		};
/* End PBXProject section */

/* Begin PBXResourcesBuildPhase section */
		23C0AA9F26D43EAD0081E12A /* Resources */ = {
			isa = PBXResourcesBuildPhase;
			buildActionMask = 2147483647;
			files = (
				23C0AAB126D43EAE0081E12A /* LaunchScreen.storyboard in Resources */,
				23C0AAAE26D43EAE0081E12A /* Assets.xcassets in Resources */,
				23C0AAAC26D43EAD0081E12A /* Main.storyboard in Resources */,
			);
			runOnlyForDeploymentPostprocessing = 0;
		};
/* End PBXResourcesBuildPhase section */

/* Begin PBXSourcesBuildPhase section */
		23C0AA9D26D43EAD0081E12A /* Sources */ = {
			isa = PBXSourcesBuildPhase;
			buildActionMask = 2147483647;
			files = (
				23C0AAA926D43EAD0081E12A /* TableViewController.swift in Sources */,
				23C0AAD026D59FA60081E12A /* Sprite.swift in Sources */,
				234EDFF526D8388500FE6BCA /* Type.swift in Sources */,
				23C0AAC426D4BDA90081E12A /* NameCell.swift in Sources */,
				23C0AAB926D444AF0081E12A /* Abilities.swift in Sources */,
				23C0AABD26D448660081E12A /* AbilityDetails.swift in Sources */,
				236E059726D6E72500CEEE3B /* Progress.swift in Sources */,
				238999DA26D74E6800F30E30 /* DetailViewController.swift in Sources */,
				234EDFFD26D8C58500FE6BCA /* PokemonDetails.swift in Sources */,
				23C0AAC826D593430081E12A /* Results.swift in Sources */,
				23C0AABF26D449480081E12A /* Form.swift in Sources */,
				23C0AAA526D43EAD0081E12A /* AppDelegate.swift in Sources */,
				23C0AAC626D590FC0081E12A /* Forms.swift in Sources */,
				234EDFF926D8B4E600FE6BCA /* TypeDetails.swift in Sources */,
				23C0AAA726D43EAD0081E12A /* SceneDelegate.swift in Sources */,
				23C0AABB26D4462E0081E12A /* Ability.swift in Sources */,
				234EDFF726D8B45D00FE6BCA /* Types.swift in Sources */,
				23C0AACA26D593790081E12A /* Result.swift in Sources */,
			);
			runOnlyForDeploymentPostprocessing = 0;
		};
/* End PBXSourcesBuildPhase section */

/* Begin PBXVariantGroup section */
		23C0AAAA26D43EAD0081E12A /* Main.storyboard */ = {
			isa = PBXVariantGroup;
			children = (
				23C0AAAB26D43EAD0081E12A /* Base */,
			);
			name = Main.storyboard;
			sourceTree = "<group>";
		};
		23C0AAAF26D43EAE0081E12A /* LaunchScreen.storyboard */ = {
			isa = PBXVariantGroup;
			children = (
				23C0AAB026D43EAE0081E12A /* Base */,
			);
			name = LaunchScreen.storyboard;
			sourceTree = "<group>";
		};
/* End PBXVariantGroup section */

/* Begin XCBuildConfiguration section */
		23C0AAB326D43EAE0081E12A /* Debug */ = {
			isa = XCBuildConfiguration;
			buildSettings = {
				ALWAYS_SEARCH_USER_PATHS = NO;
				CLANG_ANALYZER_NONNULL = YES;
				CLANG_ANALYZER_NUMBER_OBJECT_CONVERSION = YES_AGGRESSIVE;
				CLANG_CXX_LANGUAGE_STANDARD = "gnu++14";
				CLANG_CXX_LIBRARY = "libc++";
				CLANG_ENABLE_MODULES = YES;
				CLANG_ENABLE_OBJC_ARC = YES;
				CLANG_ENABLE_OBJC_WEAK = YES;
				CLANG_WARN_BLOCK_CAPTURE_AUTORELEASING = YES;
				CLANG_WARN_BOOL_CONVERSION = YES;
				CLANG_WARN_COMMA = YES;
				CLANG_WARN_CONSTANT_CONVERSION = YES;
				CLANG_WARN_DEPRECATED_OBJC_IMPLEMENTATIONS = YES;
				CLANG_WARN_DIRECT_OBJC_ISA_USAGE = YES_ERROR;
				CLANG_WARN_DOCUMENTATION_COMMENTS = YES;
				CLANG_WARN_EMPTY_BODY = YES;
				CLANG_WARN_ENUM_CONVERSION = YES;
				CLANG_WARN_INFINITE_RECURSION = YES;
				CLANG_WARN_INT_CONVERSION = YES;
				CLANG_WARN_NON_LITERAL_NULL_CONVERSION = YES;
				CLANG_WARN_OBJC_IMPLICIT_RETAIN_SELF = YES;
				CLANG_WARN_OBJC_LITERAL_CONVERSION = YES;
				CLANG_WARN_OBJC_ROOT_CLASS = YES_ERROR;
				CLANG_WARN_QUOTED_INCLUDE_IN_FRAMEWORK_HEADER = YES;
				CLANG_WARN_RANGE_LOOP_ANALYSIS = YES;
				CLANG_WARN_STRICT_PROTOTYPES = YES;
				CLANG_WARN_SUSPICIOUS_MOVE = YES;
				CLANG_WARN_UNGUARDED_AVAILABILITY = YES_AGGRESSIVE;
				CLANG_WARN_UNREACHABLE_CODE = YES;
				CLANG_WARN__DUPLICATE_METHOD_MATCH = YES;
				COPY_PHASE_STRIP = NO;
				DEBUG_INFORMATION_FORMAT = dwarf;
				ENABLE_STRICT_OBJC_MSGSEND = YES;
				ENABLE_TESTABILITY = YES;
				GCC_C_LANGUAGE_STANDARD = gnu11;
				GCC_DYNAMIC_NO_PIC = NO;
				GCC_NO_COMMON_BLOCKS = YES;
				GCC_OPTIMIZATION_LEVEL = 0;
				GCC_PREPROCESSOR_DEFINITIONS = (
					"DEBUG=1",
					"$(inherited)",
				);
				GCC_WARN_64_TO_32_BIT_CONVERSION = YES;
				GCC_WARN_ABOUT_RETURN_TYPE = YES_ERROR;
				GCC_WARN_UNDECLARED_SELECTOR = YES;
				GCC_WARN_UNINITIALIZED_AUTOS = YES_AGGRESSIVE;
				GCC_WARN_UNUSED_FUNCTION = YES;
				GCC_WARN_UNUSED_VARIABLE = YES;
				IPHONEOS_DEPLOYMENT_TARGET = 14.5;
				MTL_ENABLE_DEBUG_INFO = INCLUDE_SOURCE;
				MTL_FAST_MATH = YES;
				ONLY_ACTIVE_ARCH = YES;
				SDKROOT = iphoneos;
				SWIFT_ACTIVE_COMPILATION_CONDITIONS = DEBUG;
				SWIFT_OPTIMIZATION_LEVEL = "-Onone";
			};
			name = Debug;
		};
		23C0AAB426D43EAE0081E12A /* Release */ = {
			isa = XCBuildConfiguration;
			buildSettings = {
				ALWAYS_SEARCH_USER_PATHS = NO;
				CLANG_ANALYZER_NONNULL = YES;
				CLANG_ANALYZER_NUMBER_OBJECT_CONVERSION = YES_AGGRESSIVE;
				CLANG_CXX_LANGUAGE_STANDARD = "gnu++14";
				CLANG_CXX_LIBRARY = "libc++";
				CLANG_ENABLE_MODULES = YES;
				CLANG_ENABLE_OBJC_ARC = YES;
				CLANG_ENABLE_OBJC_WEAK = YES;
				CLANG_WARN_BLOCK_CAPTURE_AUTORELEASING = YES;
				CLANG_WARN_BOOL_CONVERSION = YES;
				CLANG_WARN_COMMA = YES;
				CLANG_WARN_CONSTANT_CONVERSION = YES;
				CLANG_WARN_DEPRECATED_OBJC_IMPLEMENTATIONS = YES;
				CLANG_WARN_DIRECT_OBJC_ISA_USAGE = YES_ERROR;
				CLANG_WARN_DOCUMENTATION_COMMENTS = YES;
				CLANG_WARN_EMPTY_BODY = YES;
				CLANG_WARN_ENUM_CONVERSION = YES;
				CLANG_WARN_INFINITE_RECURSION = YES;
				CLANG_WARN_INT_CONVERSION = YES;
				CLANG_WARN_NON_LITERAL_NULL_CONVERSION = YES;
				CLANG_WARN_OBJC_IMPLICIT_RETAIN_SELF = YES;
				CLANG_WARN_OBJC_LITERAL_CONVERSION = YES;
				CLANG_WARN_OBJC_ROOT_CLASS = YES_ERROR;
				CLANG_WARN_QUOTED_INCLUDE_IN_FRAMEWORK_HEADER = YES;
				CLANG_WARN_RANGE_LOOP_ANALYSIS = YES;
				CLANG_WARN_STRICT_PROTOTYPES = YES;
				CLANG_WARN_SUSPICIOUS_MOVE = YES;
				CLANG_WARN_UNGUARDED_AVAILABILITY = YES_AGGRESSIVE;
				CLANG_WARN_UNREACHABLE_CODE = YES;
				CLANG_WARN__DUPLICATE_METHOD_MATCH = YES;
				COPY_PHASE_STRIP = NO;
				DEBUG_INFORMATION_FORMAT = "dwarf-with-dsym";
				ENABLE_NS_ASSERTIONS = NO;
				ENABLE_STRICT_OBJC_MSGSEND = YES;
				GCC_C_LANGUAGE_STANDARD = gnu11;
				GCC_NO_COMMON_BLOCKS = YES;
				GCC_WARN_64_TO_32_BIT_CONVERSION = YES;
				GCC_WARN_ABOUT_RETURN_TYPE = YES_ERROR;
				GCC_WARN_UNDECLARED_SELECTOR = YES;
				GCC_WARN_UNINITIALIZED_AUTOS = YES_AGGRESSIVE;
				GCC_WARN_UNUSED_FUNCTION = YES;
				GCC_WARN_UNUSED_VARIABLE = YES;
				IPHONEOS_DEPLOYMENT_TARGET = 14.5;
				MTL_ENABLE_DEBUG_INFO = NO;
				MTL_FAST_MATH = YES;
				SDKROOT = iphoneos;
				SWIFT_COMPILATION_MODE = wholemodule;
				SWIFT_OPTIMIZATION_LEVEL = "-O";
				VALIDATE_PRODUCT = YES;
			};
			name = Release;
		};
		23C0AAB626D43EAE0081E12A /* Debug */ = {
			isa = XCBuildConfiguration;
			buildSettings = {
				ASSETCATALOG_COMPILER_APPICON_NAME = AppIcon;
				ASSETCATALOG_COMPILER_GLOBAL_ACCENT_COLOR_NAME = AccentColor;
				CODE_SIGN_STYLE = Automatic;
				DEVELOPMENT_TEAM = JZU4295NP5;
				INFOPLIST_FILE = PokemonApp/Info.plist;
				IPHONEOS_DEPLOYMENT_TARGET = 14.5;
				LD_RUNPATH_SEARCH_PATHS = (
					"$(inherited)",
					"@executable_path/Frameworks",
				);
				PRODUCT_BUNDLE_IDENTIFIER = matt.hollyhead.PokemonApp;
				PRODUCT_NAME = "$(TARGET_NAME)";
				SWIFT_VERSION = 5.0;
				TARGETED_DEVICE_FAMILY = "1,2";
			};
			name = Debug;
		};
		23C0AAB726D43EAE0081E12A /* Release */ = {
			isa = XCBuildConfiguration;
			buildSettings = {
				ASSETCATALOG_COMPILER_APPICON_NAME = AppIcon;
				ASSETCATALOG_COMPILER_GLOBAL_ACCENT_COLOR_NAME = AccentColor;
				CODE_SIGN_STYLE = Automatic;
				DEVELOPMENT_TEAM = JZU4295NP5;
				INFOPLIST_FILE = PokemonApp/Info.plist;
				IPHONEOS_DEPLOYMENT_TARGET = 14.5;
				LD_RUNPATH_SEARCH_PATHS = (
					"$(inherited)",
					"@executable_path/Frameworks",
				);
				PRODUCT_BUNDLE_IDENTIFIER = matt.hollyhead.PokemonApp;
				PRODUCT_NAME = "$(TARGET_NAME)";
				SWIFT_VERSION = 5.0;
				TARGETED_DEVICE_FAMILY = "1,2";
			};
			name = Release;
		};
/* End XCBuildConfiguration section */

/* Begin XCConfigurationList section */
		23C0AA9C26D43EAD0081E12A /* Build configuration list for PBXProject "PokemonApp" */ = {
			isa = XCConfigurationList;
			buildConfigurations = (
				23C0AAB326D43EAE0081E12A /* Debug */,
				23C0AAB426D43EAE0081E12A /* Release */,
			);
			defaultConfigurationIsVisible = 0;
			defaultConfigurationName = Release;
		};
		23C0AAB526D43EAE0081E12A /* Build configuration list for PBXNativeTarget "PokemonApp" */ = {
			isa = XCConfigurationList;
			buildConfigurations = (
				23C0AAB626D43EAE0081E12A /* Debug */,
				23C0AAB726D43EAE0081E12A /* Release */,
			);
			defaultConfigurationIsVisible = 0;
			defaultConfigurationName = Release;
		};
/* End XCConfigurationList section */
	};
	rootObject = 23C0AA9926D43EAD0081E12A /* Project object */;
}
